{
  "name": "frontend",
  "requires": true,
  "lockfileVersion": 1,
  "dependencies": {
    "html5-boilerplate": {
      "version": "6.1.0",
      "resolved": "https://registry.npmjs.org/html5-boilerplate/-/html5-boilerplate-6.1.0.tgz",
      "integrity": "sha512-JK7Z1WSBC9meZaskh/RF2BFyKEzvdSdyN58w3GRW36YTv2jeNvAnuPFt33ZOigjqLq0dGxcTveGx/34au9XbCw=="
    },
    "minimist": {
      "version": "0.0.8",
      "resolved": "https://registry.npmjs.org/minimist/-/minimist-0.0.8.tgz",
      "integrity": "sha1-hX/Kv8M5fSYluCKCYuhqp6ARsF0="
    },
    "mkdirp": {
      "version": "0.5.1",
      "resolved": "https://registry.npmjs.org/mkdirp/-/mkdirp-0.5.1.tgz",
      "integrity": "sha1-MAV0OOrGz3+MR2fzhkjWaX11yQM=",
      "requires": {
        "minimist": "0.0.8"
      }
    },
    "ncp": {
      "version": "2.0.0",
      "resolved": "https://registry.npmjs.org/ncp/-/ncp-2.0.0.tgz",
      "integrity": "sha1-GVoh1sRuNh0vsSgbo4uR6d9727M="
    },
    "vendor-copy": {
      "version": "2.0.0",
      "resolved": "https://registry.npmjs.org/vendor-copy/-/vendor-copy-2.0.0.tgz",
      "integrity": "sha512-FMBcs4SPN8t/qSw7xfRGMvbOYgqSARVmO4+AT+qLvTW67xEmzXmYaaFweGNgDtendueGLaCQHbPQMDyiB1xgTw==",
      "requires": {
        "mkdirp": "0.5.1",
        "ncp": "2.0.0"
      }
    }
  }
}
